// !$*UTF8*$!
{
	archiveVersion = 1;
	classes = {
	};
	objectVersion = 46;
	objects = {

/* Begin PBXBuildFile section */
		85C57DD81FAB803900616666 /* AppDelegate.swift in Sources */ = {isa = PBXBuildFile; fileRef = 85C57DD71FAB803900616666 /* AppDelegate.swift */; };
		85C57DDA1FAB803900616666 /* ViewController.swift in Sources */ = {isa = PBXBuildFile; fileRef = 85C57DD91FAB803900616666 /* ViewController.swift */; };
		85C57DDD1FAB803900616666 /* Main.storyboard in Resources */ = {isa = PBXBuildFile; fileRef = 85C57DDB1FAB803900616666 /* Main.storyboard */; };
		85C57DE01FAB803900616666 /* GradualChange.xcdatamodeld in Sources */ = {isa = PBXBuildFile; fileRef = 85C57DDE1FAB803900616666 /* GradualChange.xcdatamodeld */; };
		85C57DE21FAB803A00616666 /* Assets.xcassets in Resources */ = {isa = PBXBuildFile; fileRef = 85C57DE11FAB803A00616666 /* Assets.xcassets */; };
		85C57DE51FAB803A00616666 /* LaunchScreen.storyboard in Resources */ = {isa = PBXBuildFile; fileRef = 85C57DE31FAB803A00616666 /* LaunchScreen.storyboard */; };
		85C57DF01FAB803A00616666 /* GradualChangeTests.swift in Sources */ = {isa = PBXBuildFile; fileRef = 85C57DEF1FAB803A00616666 /* GradualChangeTests.swift */; };
		85C57DFB1FAB803A00616666 /* GradualChangeUITests.swift in Sources */ = {isa = PBXBuildFile; fileRef = 85C57DFA1FAB803A00616666 /* GradualChangeUITests.swift */; };
/* End PBXBuildFile section */

/* Begin PBXContainerItemProxy section */
		85C57DEC1FAB803A00616666 /* PBXContainerItemProxy */ = {
			isa = PBXContainerItemProxy;
			containerPortal = 85C57DCC1FAB803900616666 /* Project object */;
			proxyType = 1;
			remoteGlobalIDString = 85C57DD31FAB803900616666;
			remoteInfo = GradualChange;
		};
		85C57DF71FAB803A00616666 /* PBXContainerItemProxy */ = {
			isa = PBXContainerItemProxy;
			containerPortal = 85C57DCC1FAB803900616666 /* Project object */;
			proxyType = 1;
			remoteGlobalIDString = 85C57DD31FAB803900616666;
			remoteInfo = GradualChange;
		};
/* End PBXContainerItemProxy section */

/* Begin PBXFileReference section */
		85C57DD41FAB803900616666 /* GradualChange.app */ = {isa = PBXFileReference; explicitFileType = wrapper.application; includeInIndex = 0; path = GradualChange.app; sourceTree = BUILT_PRODUCTS_DIR; };
		85C57DD71FAB803900616666 /* AppDelegate.swift */ = {isa = PBXFileReference; lastKnownFileType = sourcecode.swift; path = AppDelegate.swift; sourceTree = "<group>"; };
		85C57DD91FAB803900616666 /* ViewController.swift */ = {isa = PBXFileReference; lastKnownFileType = sourcecode.swift; path = ViewController.swift; sourceTree = "<group>"; };
		85C57DDC1FAB803900616666 /* Base */ = {isa = PBXFileReference; lastKnownFileType = file.storyboard; name = Base; path = Base.lproj/Main.storyboard; sourceTree = "<group>"; };
		85C57DDF1FAB803900616666 /* GradualChange.xcdatamodel */ = {isa = PBXFileReference; lastKnownFileType = wrapper.xcdatamodel; path = GradualChange.xcdatamodel; sourceTree = "<group>"; };
		85C57DE11FAB803A00616666 /* Assets.xcassets */ = {isa = PBXFileReference; lastKnownFileType = folder.assetcatalog; path = Assets.xcassets; sourceTree = "<group>"; };
		85C57DE41FAB803A00616666 /* Base */ = {isa = PBXFileReference; lastKnownFileType = file.storyboard; name = Base; path = Base.lproj/LaunchScreen.storyboard; sourceTree = "<group>"; };
		85C57DE61FAB803A00616666 /* Info.plist */ = {isa = PBXFileReference; lastKnownFileType = text.plist.xml; path = Info.plist; sourceTree = "<group>"; };
		85C57DEB1FAB803A00616666 /* GradualChangeTests.xctest */ = {isa = PBXFileReference; explicitFileType = wrapper.cfbundle; includeInIndex = 0; path = GradualChangeTests.xctest; sourceTree = BUILT_PRODUCTS_DIR; };
		85C57DEF1FAB803A00616666 /* GradualChangeTests.swift */ = {isa = PBXFileReference; lastKnownFileType = sourcecode.swift; path = GradualChangeTests.swift; sourceTree = "<group>"; };
		85C57DF11FAB803A00616666 /* Info.plist */ = {isa = PBXFileReference; lastKnownFileType = text.plist.xml; path = Info.plist; sourceTree = "<group>"; };
		85C57DF61FAB803A00616666 /* GradualChangeUITests.xctest */ = {isa = PBXFileReference; explicitFileType = wrapper.cfbundle; includeInIndex = 0; path = GradualChangeUITests.xctest; sourceTree = BUILT_PRODUCTS_DIR; };
		85C57DFA1FAB803A00616666 /* GradualChangeUITests.swift */ = {isa = PBXFileReference; lastKnownFileType = sourcecode.swift; path = GradualChangeUITests.swift; sourceTree = "<group>"; };
		85C57DFC1FAB803A00616666 /* Info.plist */ = {isa = PBXFileReference; lastKnownFileType = text.plist.xml; path = Info.plist; sourceTree = "<group>"; };
/* End PBXFileReference section */

/* Begin PBXFrameworksBuildPhase section */
		85C57DD11FAB803900616666 /* Frameworks */ = {
			isa = PBXFrameworksBuildPhase;
			buildActionMask = 2147483647;
			files = (
			);
			runOnlyForDeploymentPostprocessing = 0;
		};
		85C57DE81FAB803A00616666 /* Frameworks */ = {
			isa = PBXFrameworksBuildPhase;
			buildActionMask = 2147483647;
			files = (
			);
			runOnlyForDeploymentPostprocessing = 0;
		};
		85C57DF31FAB803A00616666 /* Frameworks */ = {
			isa = PBXFrameworksBuildPhase;
			buildActionMask = 2147483647;
			files = (
			);
			runOnlyForDeploymentPostprocessing = 0;
		};
/* End PBXFrameworksBuildPhase section */

/* Begin PBXGroup section */
		85C57DCB1FAB803900616666 = {
			isa = PBXGroup;
			children = (
				85C57DD61FAB803900616666 /* GradualChange */,
				85C57DEE1FAB803A00616666 /* GradualChangeTests */,
				85C57DF91FAB803A00616666 /* GradualChangeUITests */,
				85C57DD51FAB803900616666 /* Products */,
			);
			sourceTree = "<group>";
		};
		85C57DD51FAB803900616666 /* Products */ = {
			isa = PBXGroup;
			children = (
				85C57DD41FAB803900616666 /* GradualChange.app */,
				85C57DEB1FAB803A00616666 /* GradualChangeTests.xctest */,
				85C57DF61FAB803A00616666 /* GradualChangeUITests.xctest */,
			);
			name = Products;
			sourceTree = "<group>";
		};
		85C57DD61FAB803900616666 /* GradualChange */ = {
			isa = PBXGroup;
			children = (
				85C57DD71FAB803900616666 /* AppDelegate.swift */,
				85C57DD91FAB803900616666 /* ViewController.swift */,
				85C57DDB1FAB803900616666 /* Main.storyboard */,
				85C57DE11FAB803A00616666 /* Assets.xcassets */,
				85C57DE31FAB803A00616666 /* LaunchScreen.storyboard */,
				85C57DE61FAB803A00616666 /* Info.plist */,
				85C57DDE1FAB803900616666 /* GradualChange.xcdatamodeld */,
			);
			path = GradualChange;
			sourceTree = "<group>";
		};
		85C57DEE1FAB803A00616666 /* GradualChangeTests */ = {
			isa = PBXGroup;
			children = (
				85C57DEF1FAB803A00616666 /* GradualChangeTests.swift */,
				85C57DF11FAB803A00616666 /* Info.plist */,
			);
			path = GradualChangeTests;
			sourceTree = "<group>";
		};
		85C57DF91FAB803A00616666 /* GradualChangeUITests */ = {
			isa = PBXGroup;
			children = (
				85C57DFA1FAB803A00616666 /* GradualChangeUITests.swift */,
				85C57DFC1FAB803A00616666 /* Info.plist */,
			);
			path = GradualChangeUITests;
			sourceTree = "<group>";
		};
/* End PBXGroup section */

/* Begin PBXNativeTarget section */
		85C57DD31FAB803900616666 /* GradualChange */ = {
			isa = PBXNativeTarget;
			buildConfigurationList = 85C57DFF1FAB803A00616666 /* Build configuration list for PBXNativeTarget "GradualChange" */;
			buildPhases = (
				85C57DD01FAB803900616666 /* Sources */,
				85C57DD11FAB803900616666 /* Frameworks */,
				85C57DD21FAB803900616666 /* Resources */,
			);
			buildRules = (
			);
			dependencies = (
			);
			name = GradualChange;
			productName = GradualChange;
			productReference = 85C57DD41FAB803900616666 /* GradualChange.app */;
			productType = "com.apple.product-type.application";
		};
		85C57DEA1FAB803A00616666 /* GradualChangeTests */ = {
			isa = PBXNativeTarget;
			buildConfigurationList = 85C57E021FAB803A00616666 /* Build configuration list for PBXNativeTarget "GradualChangeTests" */;
			buildPhases = (
				85C57DE71FAB803A00616666 /* Sources */,
				85C57DE81FAB803A00616666 /* Frameworks */,
				85C57DE91FAB803A00616666 /* Resources */,
			);
			buildRules = (
			);
			dependencies = (
				85C57DED1FAB803A00616666 /* PBXTargetDependency */,
			);
			name = GradualChangeTests;
			productName = GradualChangeTests;
			productReference = 85C57DEB1FAB803A00616666 /* GradualChangeTests.xctest */;
			productType = "com.apple.product-type.bundle.unit-test";
		};
		85C57DF51FAB803A00616666 /* GradualChangeUITests */ = {
			isa = PBXNativeTarget;
			buildConfigurationList = 85C57E051FAB803A00616666 /* Build configuration list for PBXNativeTarget "GradualChangeUITests" */;
			buildPhases = (
				85C57DF21FAB803A00616666 /* Sources */,
				85C57DF31FAB803A00616666 /* Frameworks */,
				85C57DF41FAB803A00616666 /* Resources */,
			);
			buildRules = (
			);
			dependencies = (
				85C57DF81FAB803A00616666 /* PBXTargetDependency */,
			);
			name = GradualChangeUITests;
			productName = GradualChangeUITests;
			productReference = 85C57DF61FAB803A00616666 /* GradualChangeUITests.xctest */;
			productType = "com.apple.product-type.bundle.ui-testing";
		};
/* End PBXNativeTarget section */

/* Begin PBXProject section */
		85C57DCC1FAB803900616666 /* Project object */ = {
			isa = PBXProject;
			attributes = {
				LastSwiftUpdateCheck = 0820;
				LastUpgradeCheck = 0820;
				ORGANIZATIONNAME = com.guoshuobigdata.dev;
				TargetAttributes = {
					85C57DD31FAB803900616666 = {
						CreatedOnToolsVersion = 8.2.1;
						DevelopmentTeam = 5TG72LL86M;
						ProvisioningStyle = Automatic;
					};
					85C57DEA1FAB803A00616666 = {
						CreatedOnToolsVersion = 8.2.1;
						ProvisioningStyle = Automatic;
						TestTargetID = 85C57DD31FAB803900616666;
					};
					85C57DF51FAB803A00616666 = {
						CreatedOnToolsVersion = 8.2.1;
						ProvisioningStyle = Automatic;
						TestTargetID = 85C57DD31FAB803900616666;
					};
				};
			};
			buildConfigurationList = 85C57DCF1FAB803900616666 /* Build configuration list for PBXProject "GradualChange" */;
			compatibilityVersion = "Xcode 3.2";
			developmentRegion = English;
			hasScannedForEncodings = 0;
			knownRegions = (
				en,
				Base,
			);
			mainGroup = 85C57DCB1FAB803900616666;
			productRefGroup = 85C57DD51FAB803900616666 /* Products */;
			projectDirPath = "";
			projectRoot = "";
			targets = (
				85C57DD31FAB803900616666 /* GradualChange */,
				85C57DEA1FAB803A00616666 /* GradualChangeTests */,
				85C57DF51FAB803A00616666 /* GradualChangeUITests */,
			);
		};
/* End PBXProject section */

/* Begin PBXResourcesBuildPhase section */
		85C57DD21FAB803900616666 /* Resources */ = {
			isa = PBXResourcesBuildPhase;
			buildActionMask = 2147483647;
			files = (
				85C57DE51FAB803A00616666 /* LaunchScreen.storyboard in Resources */,
				85C57DE21FAB803A00616666 /* Assets.xcassets in Resources */,
				85C57DDD1FAB803900616666 /* Main.storyboard in Resources */,
			);
			runOnlyForDeploymentPostprocessing = 0;
		};
		85C57DE91FAB803A00616666 /* Resources */ = {
			isa = PBXResourcesBuildPhase;
			buildActionMask = 2147483647;
			files = (
			);
			runOnlyForDeploymentPostprocessing = 0;
		};
		85C57DF41FAB803A00616666 /* Resources */ = {
			isa = PBXResourcesBuildPhase;
			buildActionMask = 2147483647;
			files = (
			);
			runOnlyForDeploymentPostprocessing = 0;
		};
/* End PBXResourcesBuildPhase section */

/* Begin PBXSourcesBuildPhase section */
		85C57DD01FAB803900616666 /* Sources */ = {
			isa = PBXSourcesBuildPhase;
			buildActionMask = 2147483647;
			files = (
				85C57DDA1FAB803900616666 /* ViewController.swift in Sources */,
				85C57DE01FAB803900616666 /* GradualChange.xcdatamodeld in Sources */,
				85C57DD81FAB803900616666 /* AppDelegate.swift in Sources */,
			);
			runOnlyForDeploymentPostprocessing = 0;
		};
		85C57DE71FAB803A00616666 /* Sources */ = {
			isa = PBXSourcesBuildPhase;
			buildActionMask = 2147483647;
			files = (
				85C57DF01FAB803A00616666 /* GradualChangeTests.swift in Sources */,
			);
			runOnlyForDeploymentPostprocessing = 0;
		};
		85C57DF21FAB803A00616666 /* Sources */ = {
			isa = PBXSourcesBuildPhase;
			buildActionMask = 2147483647;
			files = (
				85C57DFB1FAB803A00616666 /* GradualChangeUITests.swift in Sources */,
			);
			runOnlyForDeploymentPostprocessing = 0;
		};
/* End PBXSourcesBuildPhase section */

/* Begin PBXTargetDependency section */
		85C57DED1FAB803A00616666 /* PBXTargetDependency */ = {
			isa = PBXTargetDependency;
			target = 85C57DD31FAB803900616666 /* GradualChange */;
			targetProxy = 85C57DEC1FAB803A00616666 /* PBXContainerItemProxy */;
		};
		85C57DF81FAB803A00616666 /* PBXTargetDependency */ = {
			isa = PBXTargetDependency;
			target = 85C57DD31FAB803900616666 /* GradualChange */;
			targetProxy = 85C57DF71FAB803A00616666 /* PBXContainerItemProxy */;
		};
/* End PBXTargetDependency section */

/* Begin PBXVariantGroup section */
		85C57DDB1FAB803900616666 /* Main.storyboard */ = {
			isa = PBXVariantGroup;
			children = (
				85C57DDC1FAB803900616666 /* Base */,
			);
			name = Main.storyboard;
			sourceTree = "<group>";
		};
		85C57DE31FAB803A00616666 /* LaunchScreen.storyboard */ = {
			isa = PBXVariantGroup;
			children = (
				85C57DE41FAB803A00616666 /* Base */,
			);
			name = LaunchScreen.storyboard;
			sourceTree = "<group>";
		};
/* End PBXVariantGroup section */

/* Begin XCBuildConfiguration section */
		85C57DFD1FAB803A00616666 /* Debug */ = {
			isa = XCBuildConfiguration;
			buildSettings = {
				ALWAYS_SEARCH_USER_PATHS = NO;
				CLANG_ANALYZER_NONNULL = YES;
				CLANG_CXX_LANGUAGE_STANDARD = "gnu++0x";
				CLANG_CXX_LIBRARY = "libc++";
				CLANG_ENABLE_MODULES = YES;
				CLANG_ENABLE_OBJC_ARC = YES;
				CLANG_WARN_BOOL_CONVERSION = YES;
				CLANG_WARN_CONSTANT_CONVERSION = YES;
				CLANG_WARN_DIRECT_OBJC_ISA_USAGE = YES_ERROR;
				CLANG_WARN_DOCUMENTATION_COMMENTS = YES;
				CLANG_WARN_EMPTY_BODY = YES;
				CLANG_WARN_ENUM_CONVERSION = YES;
				CLANG_WARN_INFINITE_RECURSION = YES;
				CLANG_WARN_INT_CONVERSION = YES;
				CLANG_WARN_OBJC_ROOT_CLASS = YES_ERROR;
				CLANG_WARN_SUSPICIOUS_MOVE = YES;
				CLANG_WARN_UNREACHABLE_CODE = YES;
				CLANG_WARN__DUPLICATE_METHOD_MATCH = YES;
				"CODE_SIGN_IDENTITY[sdk=iphoneos*]" = "iPhone Developer";
				COPY_PHASE_STRIP = NO;
				DEBUG_INFORMATION_FORMAT = dwarf;
				ENABLE_STRICT_OBJC_MSGSEND = YES;
				ENABLE_TESTABILITY = YES;
				GCC_C_LANGUAGE_STANDARD = gnu99;
				GCC_DYNAMIC_NO_PIC = NO;
				GCC_NO_COMMON_BLOCKS = YES;
				GCC_OPTIMIZATION_LEVEL = 0;
				GCC_PREPROCESSOR_DEFINITIONS = (
					"DEBUG=1",
					"$(inherited)",
				);
				GCC_WARN_64_TO_32_BIT_CONVERSION = YES;
				GCC_WARN_ABOUT_RETURN_TYPE = YES_ERROR;
				GCC_WARN_UNDECLARED_SELECTOR = YES;
				GCC_WARN_UNINITIALIZED_AUTOS = YES_AGGRESSIVE;
				GCC_WARN_UNUSED_FUNCTION = YES;
				GCC_WARN_UNUSED_VARIABLE = YES;
				IPHONEOS_DEPLOYMENT_TARGET = 10.2;
				MTL_ENABLE_DEBUG_INFO = YES;
				ONLY_ACTIVE_ARCH = YES;
				SDKROOT = iphoneos;
				SWIFT_ACTIVE_COMPILATION_CONDITIONS = DEBUG;
				SWIFT_OPTIMIZATION_LEVEL = "-Onone";
				TARGETED_DEVICE_FAMILY = "1,2";
			};
			name = Debug;
		};
		85C57DFE1FAB803A00616666 /* Release */ = {
			isa = XCBuildConfiguration;
			buildSettings = {
				ALWAYS_SEARCH_USER_PATHS = NO;
				CLANG_ANALYZER_NONNULL = YES;
				CLANG_CXX_LANGUAGE_STANDARD = "gnu++0x";
				CLANG_CXX_LIBRARY = "libc++";
				CLANG_ENABLE_MODULES = YES;
				CLANG_ENABLE_OBJC_ARC = YES;
				CLANG_WARN_BOOL_CONVERSION = YES;
				CLANG_WARN_CONSTANT_CONVERSION = YES;
				CLANG_WARN_DIRECT_OBJC_ISA_USAGE = YES_ERROR;
				CLANG_WARN_DOCUMENTATION_COMMENTS = YES;
				CLANG_WARN_EMPTY_BODY = YES;
				CLANG_WARN_ENUM_CONVERSION = YES;
				CLANG_WARN_INFINITE_RECURSION = YES;
				CLANG_WARN_INT_CONVERSION = YES;
				CLANG_WARN_OBJC_ROOT_CLASS = YES_ERROR;
				CLANG_WARN_SUSPICIOUS_MOVE = YES;
				CLANG_WARN_UNREACHABLE_CODE = YES;
				CLANG_WARN__DUPLICATE_METHOD_MATCH = YES;
				"CODE_SIGN_IDENTITY[sdk=iphoneos*]" = "iPhone Developer";
				COPY_PHASE_STRIP = NO;
				DEBUG_INFORMATION_FORMAT = "dwarf-with-dsym";
				ENABLE_NS_ASSERTIONS = NO;
				ENABLE_STRICT_OBJC_MSGSEND = YES;
				GCC_C_LANGUAGE_STANDARD = gnu99;
				GCC_NO_COMMON_BLOCKS = YES;
				GCC_WARN_64_TO_32_BIT_CONVERSION = YES;
				GCC_WARN_ABOUT_RETURN_TYPE = YES_ERROR;
				GCC_WARN_UNDECLARED_SELECTOR = YES;
				GCC_WARN_UNINITIALIZED_AUTOS = YES_AGGRESSIVE;
				GCC_WARN_UNUSED_FUNCTION = YES;
				GCC_WARN_UNUSED_VARIABLE = YES;
				IPHONEOS_DEPLOYMENT_TARGET = 10.2;
				MTL_ENABLE_DEBUG_INFO = NO;
				SDKROOT = iphoneos;
				SWIFT_OPTIMIZATION_LEVEL = "-Owholemodule";
				TARGETED_DEVICE_FAMILY = "1,2";
				VALIDATE_PRODUCT = YES;
			};
			name = Release;
		};
		85C57E001FAB803A00616666 /* Debug */ = {
			isa = XCBuildConfiguration;
			buildSettings = {
				ASSETCATALOG_COMPILER_APPICON_NAME = AppIcon;
				DEVELOPMENT_TEAM = 5TG72LL86M;
				INFOPLIST_FILE = GradualChange/Info.plist;
				LD_RUNPATH_SEARCH_PATHS = "$(inherited) @executable_path/Frameworks";
				PRODUCT_BUNDLE_IDENTIFIER = com.guoshuobigdata.GradualChange;
				PRODUCT_NAME = "$(TARGET_NAME)";
				SWIFT_VERSION = 3.0;
			};
			name = Debug;
		};
		85C57E011FAB803A00616666 /* Release */ = {
			isa = XCBuildConfiguration;
			buildSettings = {
				ASSETCATALOG_COMPILER_APPICON_NAME = AppIcon;
				DEVELOPMENT_TEAM = 5TG72LL86M;
				INFOPLIST_FILE = GradualChange/Info.plist;
				LD_RUNPATH_SEARCH_PATHS = "$(inherited) @executable_path/Frameworks";
				PRODUCT_BUNDLE_IDENTIFIER = com.guoshuobigdata.GradualChange;
				PRODUCT_NAME = "$(TARGET_NAME)";
				SWIFT_VERSION = 3.0;
			};
			name = Release;
		};
		85C57E031FAB803A00616666 /* Debug */ = {
			isa = XCBuildConfiguration;
			buildSettings = {
				ALWAYS_EMBED_SWIFT_STANDARD_LIBRARIES = YES;
				BUNDLE_LOADER = "$(TEST_HOST)";
				INFOPLIST_FILE = GradualChangeTests/Info.plist;
				LD_RUNPATH_SEARCH_PATHS = "$(inherited) @executable_path/Frameworks @loader_path/Frameworks";
				PRODUCT_BUNDLE_IDENTIFIER = com.guoshuobigdata.GradualChangeTests;
				PRODUCT_NAME = "$(TARGET_NAME)";
				SWIFT_VERSION = 3.0;
				TEST_HOST = "$(BUILT_PRODUCTS_DIR)/GradualChange.app/GradualChange";
			};
			name = Debug;
		};
		85C57E041FAB803A00616666 /* Release */ = {
			isa = XCBuildConfiguration;
			buildSettings = {
				ALWAYS_EMBED_SWIFT_STANDARD_LIBRARIES = YES;
				BUNDLE_LOADER = "$(TEST_HOST)";
				INFOPLIST_FILE = GradualChangeTests/Info.plist;
				LD_RUNPATH_SEARCH_PATHS = "$(inherited) @executable_path/Frameworks @loader_path/Frameworks";
				PRODUCT_BUNDLE_IDENTIFIER = com.guoshuobigdata.GradualChangeTests;
				PRODUCT_NAME = "$(TARGET_NAME)";
				SWIFT_VERSION = 3.0;
				TEST_HOST = "$(BUILT_PRODUCTS_DIR)/GradualChange.app/GradualChange";
			};
			name = Release;
		};
		85C57E061FAB803A00616666 /* Debug */ = {
			isa = XCBuildConfiguration;
			buildSettings = {
				ALWAYS_EMBED_SWIFT_STANDARD_LIBRARIES = YES;
				INFOPLIST_FILE = GradualChangeUITests/Info.plist;
				LD_RUNPATH_SEARCH_PATHS = "$(inherited) @executable_path/Frameworks @loader_path/Frameworks";
				PRODUCT_BUNDLE_IDENTIFIER = com.guoshuobigdata.GradualChangeUITests;
				PRODUCT_NAME = "$(TARGET_NAME)";
				SWIFT_VERSION = 3.0;
				TEST_TARGET_NAME = GradualChange;
			};
			name = Debug;
		};
		85C57E071FAB803A00616666 /* Release */ = {
			isa = XCBuildConfiguration;
			buildSettings = {
				ALWAYS_EMBED_SWIFT_STANDARD_LIBRARIES = YES;
				INFOPLIST_FILE = GradualChangeUITests/Info.plist;
				LD_RUNPATH_SEARCH_PATHS = "$(inherited) @executable_path/Frameworks @loader_path/Frameworks";
				PRODUCT_BUNDLE_IDENTIFIER = com.guoshuobigdata.GradualChangeUITests;
				PRODUCT_NAME = "$(TARGET_NAME)";
				SWIFT_VERSION = 3.0;
				TEST_TARGET_NAME = GradualChange;
			};
			name = Release;
		};
/* End XCBuildConfiguration section */

/* Begin XCConfigurationList section */
		85C57DCF1FAB803900616666 /* Build configuration list for PBXProject "GradualChange" */ = {
			isa = XCConfigurationList;
			buildConfigurations = (
				85C57DFD1FAB803A00616666 /* Debug */,
				85C57DFE1FAB803A00616666 /* Release */,
			);
			defaultConfigurationIsVisible = 0;
			defaultConfigurationName = Release;
		};
		85C57DFF1FAB803A00616666 /* Build configuration list for PBXNativeTarget "GradualChange" */ = {
			isa = XCConfigurationList;
			buildConfigurations = (
				85C57E001FAB803A00616666 /* Debug */,
				85C57E011FAB803A00616666 /* Release */,
			);
			defaultConfigurationIsVisible = 0;
		};
		85C57E021FAB803A00616666 /* Build configuration list for PBXNativeTarget "GradualChangeTests" */ = {
			isa = XCConfigurationList;
			buildConfigurations = (
				85C57E031FAB803A00616666 /* Debug */,
				85C57E041FAB803A00616666 /* Release */,
			);
			defaultConfigurationIsVisible = 0;
		};
		85C57E051FAB803A00616666 /* Build configuration list for PBXNativeTarget "GradualChangeUITests" */ = {
			isa = XCConfigurationList;
			buildConfigurations = (
				85C57E061FAB803A00616666 /* Debug */,
				85C57E071FAB803A00616666 /* Release */,
			);
			defaultConfigurationIsVisible = 0;
		};
/* End XCConfigurationList section */

/* Begin XCVersionGroup section */
		85C57DDE1FAB803900616666 /* GradualChange.xcdatamodeld */ = {
			isa = XCVersionGroup;
			children = (
				85C57DDF1FAB803900616666 /* GradualChange.xcdatamodel */,
			);
			currentVersion = 85C57DDF1FAB803900616666 /* GradualChange.xcdatamodel */;
			path = GradualChange.xcdatamodeld;
			sourceTree = "<group>";
			versionGroupType = wrapper.xcdatamodel;
		};
/* End XCVersionGroup section */
	};
	rootObject = 85C57DCC1FAB803900616666 /* Project object */;
}
